
Microsoft Visual Studio Solution File, Format Version 12.00
Project("{FAE04EC0-301F-11D3-BF4B-00C04F79EFBC}") = "ProfileApplication", "ProfileApplication\ProfileApplication.csproj", "{C57E0393-C3F0-4676-BAAB-367FB9B3087E}"
EndProject
Global
	GlobalSection(SolutionConfigurationPlatforms) = preSolution
		Debug|Any CPU = Debug|Any CPU
		Release|Any CPU = Release|Any CPU
	EndGlobalSection
	GlobalSection(ProjectConfigurationPlatforms) = postSolution
		{C57E0393-C3F0-4676-BAAB-367FB9B3087E}.Debug|Any CPU.ActiveCfg = Debug|Any CPU
		{C57E0393-C3F0-4676-BAAB-367FB9B3087E}.Debug|Any CPU.Build.0 = Debug|Any CPU
		{C57E0393-C3F0-4676-BAAB-367FB9B3087E}.Release|Any CPU.ActiveCfg = Release|Any CPU
		{C57E0393-C3F0-4676-BAAB-367FB9B3087E}.Release|Any CPU.Build.0 = Release|Any CPU
	EndGlobalSection
EndGlobal
